{
	"name": "fabric_network",
	"version": "1.0.0",
	"lockfileVersion": 1,
	"requires": true,
	"dependencies": {
		"@grpc/grpc-js": {
			"version": "1.0.3",
			"resolved": "https://registry.nlark.com/@grpc/grpc-js/download/@grpc/grpc-js-1.0.3.tgz",
			"integrity": "sha1-f6K6KTzMHpGyQHTCYoyMaDNuGMQ=",
			"requires": {
				"semver": "^6.2.0"
			}
		},
		"@grpc/proto-loader": {
			"version": "0.5.4",
			"resolved": "https://registry.nlark.com/@grpc/proto-loader/download/@grpc/proto-loader-0.5.4.tgz",
			"integrity": "sha1-A4o4IFQPYh7rGwXYH77fsEXhTeA=",
			"requires": {
				"lodash.camelcase": "^4.3.0",
				"protobufjs": "^6.8.6"
			}
		},
		"@protobufjs/aspromise": {
			"version": "1.1.2",
			"resolved": "https://registry.npm.taobao.org/@protobufjs/aspromise/download/@protobufjs/aspromise-1.1.2.tgz",
			"integrity": "sha1-m4sMxmPWaafY9vXQiToU00jzD78="
		},
		"@protobufjs/base64": {
			"version": "1.1.2",
			"resolved": "https://registry.npm.taobao.org/@protobufjs/base64/download/@protobufjs/base64-1.1.2.tgz",
			"integrity": "sha1-TIVzDlm5ofHzSQR9vyQpYDS7JzU="
		},
		"@protobufjs/codegen": {
			"version": "2.0.4",
			"resolved": "https://registry.npm.taobao.org/@protobufjs/codegen/download/@protobufjs/codegen-2.0.4.tgz",
			"integrity": "sha1-fvN/DQEPsCitGtWXIuUG2SYoFcs="
		},
		"@protobufjs/eventemitter": {
			"version": "1.1.0",
			"resolved": "https://registry.npm.taobao.org/@protobufjs/eventemitter/download/@protobufjs/eventemitter-1.1.0.tgz",
			"integrity": "sha1-NVy8mLr61ZePntCV85diHx0Ga3A="
		},
		"@protobufjs/fetch": {
			"version": "1.1.0",
			"resolved": "https://registry.npm.taobao.org/@protobufjs/fetch/download/@protobufjs/fetch-1.1.0.tgz",
			"integrity": "sha1-upn7WYYUr2VwDBYZ/wbUVLDYTEU=",
			"requires": {
				"@protobufjs/aspromise": "^1.1.1",
				"@protobufjs/inquire": "^1.1.0"
			}
		},
		"@protobufjs/float": {
			"version": "1.0.2",
			"resolved": "https://registry.npm.taobao.org/@protobufjs/float/download/@protobufjs/float-1.0.2.tgz",
			"integrity": "sha1-Xp4avctz/Ap8uLKR33jIy9l7h9E="
		},
		"@protobufjs/inquire": {
			"version": "1.1.0",
			"resolved": "https://registry.npm.taobao.org/@protobufjs/inquire/download/@protobufjs/inquire-1.1.0.tgz",
			"integrity": "sha1-/yAOPnzyQp4tyvwRQIKOjMY48Ik="
		},
		"@protobufjs/path": {
			"version": "1.1.2",
			"resolved": "https://registry.npm.taobao.org/@protobufjs/path/download/@protobufjs/path-1.1.2.tgz",
			"integrity": "sha1-bMKyDFya1q0NzP0hynZz2Nf79o0="
		},
		"@protobufjs/pool": {
			"version": "1.1.0",
			"resolved": "https://registry.npm.taobao.org/@protobufjs/pool/download/@protobufjs/pool-1.1.0.tgz",
			"integrity": "sha1-Cf0V8tbTq/qbZbw2ZQbWrXhG/1Q="
		},
		"@protobufjs/utf8": {
			"version": "1.1.0",
			"resolved": "https://registry.npm.taobao.org/@protobufjs/utf8/download/@protobufjs/utf8-1.1.0.tgz",
			"integrity": "sha1-p3c2C1s5oaLlEG+OhY8v0tBgxXA="
		},
		"@types/caseless": {
			"version": "0.12.2",
			"resolved": "https://registry.nlark.com/@types/caseless/download/@types/caseless-0.12.2.tgz",
			"integrity": "sha1-9l09Y4ngHutFi9VNyPUrlalGO8g="
		},
		"@types/long": {
			"version": "4.0.1",
			"resolved": "https://registry.nlark.com/@types/long/download/@types/long-4.0.1.tgz",
			"integrity": "sha1-RZxl+hhn2v5qjzIsTFFpVmPMVek="
		},
		"@types/node": {
			"version": "15.3.0",
			"resolved": "https://registry.nlark.com/@types/node/download/@types/node-15.3.0.tgz",
			"integrity": "sha1-1v7X1rxoVDBto96hr5+HSwB4PiY="
		},
		"@types/request": {
			"version": "2.48.5",
			"resolved": "https://registry.nlark.com/@types/request/download/@types/request-2.48.5.tgz?cache=0&sync_timestamp=1621242533468&other_urls=https%3A%2F%2Fregistry.nlark.com%2F%40types%2Frequest%2Fdownload%2F%40types%2Frequest-2.48.5.tgz",
			"integrity": "sha1-AZuFNrQCBp9tEb7hssA+fyMpN6A=",
			"requires": {
				"@types/caseless": "*",
				"@types/node": "*",
				"@types/tough-cookie": "*",
				"form-data": "^2.5.0"
			},
			"dependencies": {
				"combined-stream": {
					"version": "1.0.8",
					"resolved": "https://registry.npm.taobao.org/combined-stream/download/combined-stream-1.0.8.tgz",
					"integrity": "sha1-w9RaizT9cwYxoRCoolIGgrMdWn8=",
					"requires": {
						"delayed-stream": "~1.0.0"
					}
				},
				"delayed-stream": {
					"version": "1.0.0",
					"resolved": "https://registry.npm.taobao.org/delayed-stream/download/delayed-stream-1.0.0.tgz",
					"integrity": "sha1-3zrhmayt+31ECqrgsp4icrJOxhk="
				},
				"form-data": {
					"version": "2.5.1",
					"resolved": "https://registry.npm.taobao.org/form-data/download/form-data-2.5.1.tgz",
					"integrity": "sha1-8svsV7XlniNxbhKP5E1OXdI4lfQ=",
					"requires": {
						"asynckit": "^0.4.0",
						"combined-stream": "^1.0.6",
						"mime-types": "^2.1.12"
					}
				}
			}
		},
		"@types/tough-cookie": {
			"version": "4.0.0",
			"resolved": "https://registry.nlark.com/@types/tough-cookie/download/@types/tough-cookie-4.0.0.tgz?cache=0&sync_timestamp=1621243830643&other_urls=https%3A%2F%2Fregistry.nlark.com%2F%40types%2Ftough-cookie%2Fdownload%2F%40types%2Ftough-cookie-4.0.0.tgz",
			"integrity": "sha1-/vGQTkZotuXs7mDFLMageP+maX0="
		},
		"ajv": {
			"version": "6.12.6",
			"resolved": "https://registry.nlark.com/ajv/download/ajv-6.12.6.tgz",
			"integrity": "sha1-uvWmLoArB9l3A0WG+MO69a3ybfQ=",
			"requires": {
				"fast-deep-equal": "^3.1.1",
				"fast-json-stable-stringify": "^2.0.0",
				"json-schema-traverse": "^0.4.1",
				"uri-js": "^4.2.2"
			}
		},
		"ansi-regex": {
			"version": "2.1.1",
			"resolved": "https://registry.npm.taobao.org/ansi-regex/download/ansi-regex-2.1.1.tgz",
			"integrity": "sha1-w7M6te42DYbg5ijwRorn7yfWVN8="
		},
		"asn1": {
			"version": "0.2.4",
			"resolved": "https://registry.nlark.com/asn1/download/asn1-0.2.4.tgz",
			"integrity": "sha1-jSR136tVO7M+d7VOWeiAu4ziMTY=",
			"requires": {
				"safer-buffer": "~2.1.0"
			}
		},
		"assert-plus": {
			"version": "1.0.0",
			"resolved": "https://registry.npm.taobao.org/assert-plus/download/assert-plus-1.0.0.tgz",
			"integrity": "sha1-8S4PPF13sLHN2RRpQuTpbB5N1SU="
		},
		"asynckit": {
			"version": "0.4.0",
			"resolved": "https://registry.npm.taobao.org/asynckit/download/asynckit-0.4.0.tgz",
			"integrity": "sha1-x57Zf380y48robyXkLzDZkdLS3k="
		},
		"aws-sign2": {
			"version": "0.7.0",
			"resolved": "https://registry.npm.taobao.org/aws-sign2/download/aws-sign2-0.7.0.tgz",
			"integrity": "sha1-tG6JCTSpWR8tL2+G1+ap8bP+dqg="
		},
		"aws4": {
			"version": "1.11.0",
			"resolved": "https://registry.npm.taobao.org/aws4/download/aws4-1.11.0.tgz?cache=0&sync_timestamp=1604101340021&other_urls=https%3A%2F%2Fregistry.npm.taobao.org%2Faws4%2Fdownload%2Faws4-1.11.0.tgz",
			"integrity": "sha1-1h9G2DslGSUOJ4Ta9bCUeai0HFk="
		},
		"bcrypt-pbkdf": {
			"version": "1.0.2",
			"resolved": "https://registry.npm.taobao.org/bcrypt-pbkdf/download/bcrypt-pbkdf-1.0.2.tgz",
			"integrity": "sha1-pDAdOJtqQ/m2f/PKEaP2Y342Dp4=",
			"requires": {
				"tweetnacl": "^0.14.3"
			}
		},
		"bn.js": {
			"version": "4.12.0",
			"resolved": "https://registry.npm.taobao.org/bn.js/download/bn.js-4.12.0.tgz",
			"integrity": "sha1-d1s/J477uXGO7HNh9IP7Nvu/6og="
		},
		"brorand": {
			"version": "1.1.0",
			"resolved": "https://registry.npm.taobao.org/brorand/download/brorand-1.1.0.tgz",
			"integrity": "sha1-EsJe/kCkXjwyPrhnWgoM5XsiNx8="
		},
		"browser-request": {
			"version": "0.3.3",
			"resolved": "https://registry.nlark.com/browser-request/download/browser-request-0.3.3.tgz",
			"integrity": "sha1-ns5bWsqJopkyJC4Yv5M975h2zBc="
		},
		"callsite": {
			"version": "1.0.0",
			"resolved": "https://registry.npm.taobao.org/callsite/download/callsite-1.0.0.tgz",
			"integrity": "sha1-KAOY5dZkvXQDi28JBRU+borxvCA="
		},
		"camelcase": {
			"version": "2.1.1",
			"resolved": "https://registry.npm.taobao.org/camelcase/download/camelcase-2.1.1.tgz?cache=0&sync_timestamp=1603921884289&other_urls=https%3A%2F%2Fregistry.npm.taobao.org%2Fcamelcase%2Fdownload%2Fcamelcase-2.1.1.tgz",
			"integrity": "sha1-fB0W1nmhu+WcoCys7PsBHiAfWh8="
		},
		"caseless": {
			"version": "0.12.0",
			"resolved": "https://registry.npm.taobao.org/caseless/download/caseless-0.12.0.tgz",
			"integrity": "sha1-G2gcIf+EAzyCZUMJBolCDRhxUdw="
		},
		"cliui": {
			"version": "3.2.0",
			"resolved": "https://registry.npm.taobao.org/cliui/download/cliui-3.2.0.tgz",
			"integrity": "sha1-EgYBU3qRbSmUD5NNo7SNWFo5IT0=",
			"requires": {
				"string-width": "^1.0.1",
				"strip-ansi": "^3.0.1",
				"wrap-ansi": "^2.0.0"
			}
		},
		"cloudant-follow": {
			"version": "0.18.2",
			"resolved": "https://registry.nlark.com/cloudant-follow/download/cloudant-follow-0.18.2.tgz",
			"integrity": "sha1-Nd17KcW5xYQj1QaR+EipkPviyI8=",
			"requires": {
				"browser-request": "~0.3.0",
				"debug": "^4.0.1",
				"request": "^2.88.0"
			},
			"dependencies": {
				"combined-stream": {
					"version": "1.0.8",
					"resolved": "https://registry.npm.taobao.org/combined-stream/download/combined-stream-1.0.8.tgz",
					"integrity": "sha1-w9RaizT9cwYxoRCoolIGgrMdWn8=",
					"requires": {
						"delayed-stream": "~1.0.0"
					}
				},
				"delayed-stream": {
					"version": "1.0.0",
					"resolved": "https://registry.npm.taobao.org/delayed-stream/download/delayed-stream-1.0.0.tgz",
					"integrity": "sha1-3zrhmayt+31ECqrgsp4icrJOxhk="
				},
				"forever-agent": {
					"version": "0.6.1",
					"resolved": "https://registry.npm.taobao.org/forever-agent/download/forever-agent-0.6.1.tgz",
					"integrity": "sha1-+8cfDEGt6zf5bFd60e1C2P2sypE="
				},
				"form-data": {
					"version": "2.3.3",
					"resolved": "https://registry.npm.taobao.org/form-data/download/form-data-2.3.3.tgz",
					"integrity": "sha1-3M5SwF9kTymManq5Nr1yTO/786Y=",
					"requires": {
						"asynckit": "^0.4.0",
						"combined-stream": "^1.0.6",
						"mime-types": "^2.1.12"
					}
				},
				"json-stringify-safe": {
					"version": "5.0.1",
					"resolved": "https://registry.npm.taobao.org/json-stringify-safe/download/json-stringify-safe-5.0.1.tgz",
					"integrity": "sha1-Epai1Y/UXxmg9s4B1lcB4sc1tus="
				},
				"oauth-sign": {
					"version": "0.9.0",
					"resolved": "https://registry.npm.taobao.org/oauth-sign/download/oauth-sign-0.9.0.tgz",
					"integrity": "sha1-R6ewFrqmi1+g7PPe4IqFxnmsZFU="
				},
				"qs": {
					"version": "6.5.2",
					"resolved": "https://registry.npm.taobao.org/qs/download/qs-6.5.2.tgz?cache=0&sync_timestamp=1616385248556&other_urls=https%3A%2F%2Fregistry.npm.taobao.org%2Fqs%2Fdownload%2Fqs-6.5.2.tgz",
					"integrity": "sha1-yzroBuh0BERYTvFUzo7pjUA/PjY="
				},
				"request": {
					"version": "2.88.2",
					"resolved": "https://registry.npm.taobao.org/request/download/request-2.88.2.tgz",
					"integrity": "sha1-1zyRhzHLWofaBH4gcjQUb2ZNErM=",
					"requires": {
						"aws-sign2": "~0.7.0",
						"aws4": "^1.8.0",
						"caseless": "~0.12.0",
						"combined-stream": "~1.0.6",
						"extend": "~3.0.2",
						"forever-agent": "~0.6.1",
						"form-data": "~2.3.2",
						"har-validator": "~5.1.3",
						"http-signature": "~1.2.0",
						"is-typedarray": "~1.0.0",
						"isstream": "~0.1.2",
						"json-stringify-safe": "~5.0.1",
						"mime-types": "~2.1.19",
						"oauth-sign": "~0.9.0",
						"performance-now": "^2.1.0",
						"qs": "~6.5.2",
						"safe-buffer": "^5.1.2",
						"tough-cookie": "~2.5.0",
						"tunnel-agent": "^0.6.0",
						"uuid": "^3.3.2"
					}
				},
				"tunnel-agent": {
					"version": "0.6.0",
					"resolved": "https://registry.npm.taobao.org/tunnel-agent/download/tunnel-agent-0.6.0.tgz",
					"integrity": "sha1-J6XeoGs2sEoKmWZ3SykIaPD8QP0=",
					"requires": {
						"safe-buffer": "^5.0.1"
					}
				},
				"uuid": {
					"version": "3.4.0",
					"resolved": "https://registry.npm.taobao.org/uuid/download/uuid-3.4.0.tgz?cache=0&sync_timestamp=1607458532020&other_urls=https%3A%2F%2Fregistry.npm.taobao.org%2Fuuid%2Fdownload%2Fuuid-3.4.0.tgz",
					"integrity": "sha1-sj5DWK+oogL+ehAK8fX4g/AgB+4="
				}
			}
		},
		"code-point-at": {
			"version": "1.1.0",
			"resolved": "https://registry.npm.taobao.org/code-point-at/download/code-point-at-1.1.0.tgz",
			"integrity": "sha1-DQcLTQQ6W+ozovGkDi7bPZpMz3c="
		},
		"core-util-is": {
			"version": "1.0.2",
			"resolved": "https://registry.npm.taobao.org/core-util-is/download/core-util-is-1.0.2.tgz",
			"integrity": "sha1-tf1UIgqivFq1eqtxQMlAdUUDwac="
		},
		"cycle": {
			"version": "1.0.3",
			"resolved": "https://registry.npm.taobao.org/cycle/download/cycle-1.0.3.tgz",
			"integrity": "sha1-IegLK+hYD5i0aPN5QwZisEbDStI="
		},
		"dashdash": {
			"version": "1.14.1",
			"resolved": "https://registry.nlark.com/dashdash/download/dashdash-1.14.1.tgz",
			"integrity": "sha1-hTz6D3y+L+1d4gMmuN1YEDX24vA=",
			"requires": {
				"assert-plus": "^1.0.0"
			}
		},
		"debug": {
			"version": "4.3.1",
			"resolved": "https://registry.npm.taobao.org/debug/download/debug-4.3.1.tgz?cache=0&sync_timestamp=1607566571506&other_urls=https%3A%2F%2Fregistry.npm.taobao.org%2Fdebug%2Fdownload%2Fdebug-4.3.1.tgz",
			"integrity": "sha1-8NIpxQXgxtjEmsVT0bE9wYP2su4=",
			"requires": {
				"ms": "2.1.2"
			}
		},
		"decamelize": {
			"version": "1.2.0",
			"resolved": "https://registry.npm.taobao.org/decamelize/download/decamelize-1.2.0.tgz?cache=0&sync_timestamp=1610348666353&other_urls=https%3A%2F%2Fregistry.npm.taobao.org%2Fdecamelize%2Fdownload%2Fdecamelize-1.2.0.tgz",
			"integrity": "sha1-9lNNFRSCabIDUue+4m9QH5oZEpA="
		},
		"ecc-jsbn": {
			"version": "0.1.2",
			"resolved": "https://registry.npm.taobao.org/ecc-jsbn/download/ecc-jsbn-0.1.2.tgz",
			"integrity": "sha1-OoOpBOVDUyh4dMVkt1SThoSamMk=",
			"requires": {
				"jsbn": "~0.1.0",
				"safer-buffer": "^2.1.0"
			}
		},
		"elliptic": {
			"version": "6.5.4",
			"resolved": "https://registry.npm.taobao.org/elliptic/download/elliptic-6.5.4.tgz?cache=0&sync_timestamp=1612290896983&other_urls=https%3A%2F%2Fregistry.npm.taobao.org%2Felliptic%2Fdownload%2Felliptic-6.5.4.tgz",
			"integrity": "sha1-2jfOvTHnmhNn6UG1ku0fvr1Yq7s=",
			"requires": {
				"bn.js": "^4.11.9",
				"brorand": "^1.1.0",
				"hash.js": "^1.0.0",
				"hmac-drbg": "^1.0.1",
				"inherits": "^2.0.4",
				"minimalistic-assert": "^1.0.1",
				"minimalistic-crypto-utils": "^1.0.1"
			}
		},
		"errs": {
			"version": "0.3.2",
			"resolved": "https://registry.nlark.com/errs/download/errs-0.3.2.tgz",
			"integrity": "sha1-eYCZstvTfKK8dJ5TinwTB9C1BJk="
		},
		"extend": {
			"version": "3.0.2",
			"resolved": "https://registry.npm.taobao.org/extend/download/extend-3.0.2.tgz",
			"integrity": "sha1-+LETa0Bx+9jrFAr/hYsQGewpFfo="
		},
		"extsprintf": {
			"version": "1.4.0",
			"resolved": "https://registry.npm.taobao.org/extsprintf/download/extsprintf-1.4.0.tgz",
			"integrity": "sha1-4mifjzVvrWLMplo6kcXfX5VRaS8="
		},
		"eyes": {
			"version": "0.1.8",
			"resolved": "https://registry.npm.taobao.org/eyes/download/eyes-0.1.8.tgz",
			"integrity": "sha1-Ys8SAjTGg3hdkCNIqADvPgzCC8A="
		},
		"fabric-ca-client": {
			"version": "2.2.5",
			"resolved": "https://registry.nlark.com/fabric-ca-client/download/fabric-ca-client-2.2.5.tgz",
			"integrity": "sha1-8b9BwgTtncDOwfUc2ggwvM0D5yg=",
			"requires": {
				"fabric-common": "2.2.5",
				"jsrsasign": "^8.0.20",
				"url": "^0.11.0",
				"winston": "^2.4.0"
			},
			"dependencies": {
				"async": {
					"version": "1.0.0",
					"resolved": "https://registry.npm.taobao.org/async/download/async-1.0.0.tgz",
					"integrity": "sha1-+PwEyjoTeErenhZBr5hXjPvWR6k="
				},
				"colors": {
					"version": "1.0.3",
					"resolved": "https://registry.npm.taobao.org/colors/download/colors-1.0.3.tgz",
					"integrity": "sha1-BDP0TYCWgP3rYO0mDxsMJi6CpAs="
				},
				"winston": {
					"version": "2.4.5",
					"resolved": "https://registry.nlark.com/winston/download/winston-2.4.5.tgz",
					"integrity": "sha1-8uQx1WFUxOp2VUX8EAO9NAyVtZo=",
					"requires": {
						"async": "~1.0.0",
						"colors": "1.0.x",
						"cycle": "1.0.x",
						"eyes": "0.1.x",
						"isstream": "0.1.x",
						"stack-trace": "0.0.x"
					}
				}
			}
		},
		"fabric-common": {
			"version": "2.2.5",
			"resolved": "https://registry.nlark.com/fabric-common/download/fabric-common-2.2.5.tgz",
			"integrity": "sha1-5KEjGKGxprQWXultdFFVdAmL+QI=",
			"requires": {
				"callsite": "^1.0.0",
				"elliptic": "^6.5.3",
				"fabric-protos": "2.2.5",
				"js-sha3": "^0.7.0",
				"jsrsasign": "^8.0.20",
				"long": "^4.0.0",
				"nconf": "^0.10.0",
				"pkcs11js": "^1.0.6",
				"promise-settle": "^0.3.0",
				"sjcl": "1.0.7",
				"winston": "^2.4.0",
				"yn": "^3.1.0"
			},
			"dependencies": {
				"async": {
					"version": "1.0.0",
					"resolved": "https://registry.npm.taobao.org/async/download/async-1.0.0.tgz",
					"integrity": "sha1-+PwEyjoTeErenhZBr5hXjPvWR6k="
				},
				"colors": {
					"version": "1.0.3",
					"resolved": "https://registry.npm.taobao.org/colors/download/colors-1.0.3.tgz",
					"integrity": "sha1-BDP0TYCWgP3rYO0mDxsMJi6CpAs="
				},
				"winston": {
					"version": "2.4.5",
					"resolved": "https://registry.nlark.com/winston/download/winston-2.4.5.tgz",
					"integrity": "sha1-8uQx1WFUxOp2VUX8EAO9NAyVtZo=",
					"requires": {
						"async": "~1.0.0",
						"colors": "1.0.x",
						"cycle": "1.0.x",
						"eyes": "0.1.x",
						"isstream": "0.1.x",
						"stack-trace": "0.0.x"
					}
				}
			}
		},
		"fabric-network": {
			"version": "2.2.5",
			"resolved": "https://registry.nlark.com/fabric-network/download/fabric-network-2.2.5.tgz",
			"integrity": "sha1-yQo6/oVQNd8l9yjsOJPJAWGyKnE=",
			"requires": {
				"fabric-common": "2.2.5",
				"fabric-protos": "2.2.5",
				"long": "^4.0.0",
				"nano": "^8.2.2"
			}
		},
		"fabric-protos": {
			"version": "2.2.5",
			"resolved": "https://registry.nlark.com/fabric-protos/download/fabric-protos-2.2.5.tgz",
			"integrity": "sha1-Nh7paFjl0kbEeWMKxBB9kBpf+oc=",
			"requires": {
				"@grpc/grpc-js": "1.0.3",
				"@grpc/proto-loader": "0.5.4",
				"protobufjs": "^6.9.0"
			}
		},
		"fast-deep-equal": {
			"version": "3.1.3",
			"resolved": "https://registry.npm.taobao.org/fast-deep-equal/download/fast-deep-equal-3.1.3.tgz",
			"integrity": "sha1-On1WtVnWy8PrUSMlJE5hmmXGxSU="
		},
		"fast-json-stable-stringify": {
			"version": "2.1.0",
			"resolved": "https://registry.npm.taobao.org/fast-json-stable-stringify/download/fast-json-stable-stringify-2.1.0.tgz",
			"integrity": "sha1-h0v2nG9ATCtdmcSBNBOZ/VWJJjM="
		},
		"getpass": {
			"version": "0.1.7",
			"resolved": "https://registry.npm.taobao.org/getpass/download/getpass-0.1.7.tgz",
			"integrity": "sha1-Xv+OPmhNVprkyysSgmBOi6YhSfo=",
			"requires": {
				"assert-plus": "^1.0.0"
			}
		},
		"har-schema": {
			"version": "2.0.0",
			"resolved": "https://registry.npm.taobao.org/har-schema/download/har-schema-2.0.0.tgz",
			"integrity": "sha1-qUwiJOvKwEeCoNkDVSHyRzW37JI="
		},
		"har-validator": {
			"version": "5.1.5",
			"resolved": "https://registry.npm.taobao.org/har-validator/download/har-validator-5.1.5.tgz?cache=0&sync_timestamp=1596085685117&other_urls=https%3A%2F%2Fregistry.npm.taobao.org%2Fhar-validator%2Fdownload%2Fhar-validator-5.1.5.tgz",
			"integrity": "sha1-HwgDufjLIMD6E4It8ezds2veHv0=",
			"requires": {
				"ajv": "^6.12.3",
				"har-schema": "^2.0.0"
			}
		},
		"hash.js": {
			"version": "1.1.7",
			"resolved": "https://registry.npm.taobao.org/hash.js/download/hash.js-1.1.7.tgz",
			"integrity": "sha1-C6vKU46NTuSg+JiNaIZlN6ADz0I=",
			"requires": {
				"inherits": "^2.0.3",
				"minimalistic-assert": "^1.0.1"
			}
		},
		"hmac-drbg": {
			"version": "1.0.1",
			"resolved": "https://registry.npm.taobao.org/hmac-drbg/download/hmac-drbg-1.0.1.tgz",
			"integrity": "sha1-0nRXAQJabHdabFRXk+1QL8DGSaE=",
			"requires": {
				"hash.js": "^1.0.3",
				"minimalistic-assert": "^1.0.0",
				"minimalistic-crypto-utils": "^1.0.1"
			}
		},
		"http-signature": {
			"version": "1.2.0",
			"resolved": "https://registry.npm.taobao.org/http-signature/download/http-signature-1.2.0.tgz?cache=0&sync_timestamp=1600868441269&other_urls=https%3A%2F%2Fregistry.npm.taobao.org%2Fhttp-signature%2Fdownload%2Fhttp-signature-1.2.0.tgz",
			"integrity": "sha1-muzZJRFHcvPZW2WmCruPfBj7rOE=",
			"requires": {
				"assert-plus": "^1.0.0",
				"jsprim": "^1.2.2",
				"sshpk": "^1.7.0"
			}
		},
		"inherits": {
			"version": "2.0.4",
			"resolved": "https://registry.npm.taobao.org/inherits/download/inherits-2.0.4.tgz",
			"integrity": "sha1-D6LGT5MpF8NDOg3tVTY6rjdBa3w="
		},
		"ini": {
			"version": "1.3.8",
			"resolved": "https://registry.npm.taobao.org/ini/download/ini-1.3.8.tgz?cache=0&sync_timestamp=1607907801722&other_urls=https%3A%2F%2Fregistry.npm.taobao.org%2Fini%2Fdownload%2Fini-1.3.8.tgz",
			"integrity": "sha1-op2kJbSIBvNHZ6Tvzjlyaa8oQyw="
		},
		"invert-kv": {
			"version": "1.0.0",
			"resolved": "https://registry.nlark.com/invert-kv/download/invert-kv-1.0.0.tgz",
			"integrity": "sha1-EEqOSqym09jNFXqO+L+rLXo//bY="
		},
		"is-fullwidth-code-point": {
			"version": "1.0.0",
			"resolved": "https://registry.npm.taobao.org/is-fullwidth-code-point/download/is-fullwidth-code-point-1.0.0.tgz?cache=0&sync_timestamp=1618552489864&other_urls=https%3A%2F%2Fregistry.npm.taobao.org%2Fis-fullwidth-code-point%2Fdownload%2Fis-fullwidth-code-point-1.0.0.tgz",
			"integrity": "sha1-754xOG8DGn8NZDr4L95QxFfvAMs=",
			"requires": {
				"number-is-nan": "^1.0.0"
			}
		},
		"is-typedarray": {
			"version": "1.0.0",
			"resolved": "https://registry.npm.taobao.org/is-typedarray/download/is-typedarray-1.0.0.tgz",
			"integrity": "sha1-5HnICFjfDBsR3dppQPlgEfzaSpo="
		},
		"isstream": {
			"version": "0.1.2",
			"resolved": "https://registry.npm.taobao.org/isstream/download/isstream-0.1.2.tgz",
			"integrity": "sha1-R+Y/evVa+m+S4VAOaQ64uFKcCZo="
		},
		"js-sha3": {
			"version": "0.7.0",
			"resolved": "https://registry.npm.taobao.org/js-sha3/download/js-sha3-0.7.0.tgz",
			"integrity": "sha1-ClxXs295iCVzsthAUfi7hd0b1jo="
		},
		"jsbn": {
			"version": "0.1.1",
			"resolved": "https://registry.nlark.com/jsbn/download/jsbn-0.1.1.tgz",
			"integrity": "sha1-peZUwuWi3rXyAdls77yoDA7y9RM="
		},
		"json-schema": {
			"version": "0.2.3",
			"resolved": "https://registry.npm.taobao.org/json-schema/download/json-schema-0.2.3.tgz?cache=0&sync_timestamp=1609553686459&other_urls=https%3A%2F%2Fregistry.npm.taobao.org%2Fjson-schema%2Fdownload%2Fjson-schema-0.2.3.tgz",
			"integrity": "sha1-tIDIkuWaLwWVTOcnvT8qTogvnhM="
		},
		"json-schema-traverse": {
			"version": "0.4.1",
			"resolved": "https://registry.npm.taobao.org/json-schema-traverse/download/json-schema-traverse-0.4.1.tgz",
			"integrity": "sha1-afaofZUTq4u4/mO9sJecRI5oRmA="
		},
		"jsprim": {
			"version": "1.4.1",
			"resolved": "https://registry.npm.taobao.org/jsprim/download/jsprim-1.4.1.tgz",
			"integrity": "sha1-MT5mvB5cwG5Di8G3SZwuXFastqI=",
			"requires": {
				"assert-plus": "1.0.0",
				"extsprintf": "1.3.0",
				"json-schema": "0.2.3",
				"verror": "1.10.0"
			},
			"dependencies": {
				"extsprintf": {
					"version": "1.3.0",
					"resolved": "https://registry.npm.taobao.org/extsprintf/download/extsprintf-1.3.0.tgz",
					"integrity": "sha1-lpGEQOMEGnpBT4xS48V06zw+HgU="
				}
			}
		},
		"jsrsasign": {
			"version": "8.0.24",
			"resolved": "https://registry.nlark.com/jsrsasign/download/jsrsasign-8.0.24.tgz",
			"integrity": "sha1-/Ca6xFSUyqw92PacH5WEfEvabIM="
		},
		"lcid": {
			"version": "1.0.0",
			"resolved": "https://registry.npm.taobao.org/lcid/download/lcid-1.0.0.tgz",
			"integrity": "sha1-MIrMr6C8SDo4Z7S28rlQYlHRuDU=",
			"requires": {
				"invert-kv": "^1.0.0"
			}
		},
		"lodash.camelcase": {
			"version": "4.3.0",
			"resolved": "https://registry.npm.taobao.org/lodash.camelcase/download/lodash.camelcase-4.3.0.tgz",
			"integrity": "sha1-soqmKIorn8ZRA1x3EfZathkDMaY="
		},
		"long": {
			"version": "4.0.0",
			"resolved": "https://registry.npm.taobao.org/long/download/long-4.0.0.tgz",
			"integrity": "sha1-mntxz7fTYaGU6lVSQckvdGjVvyg="
		},
		"mime-db": {
			"version": "1.47.0",
			"resolved": "https://registry.npm.taobao.org/mime-db/download/mime-db-1.47.0.tgz",
			"integrity": "sha1-jLMT5Zll08Bc+/iYkVomevRqM1w="
		},
		"mime-types": {
			"version": "2.1.30",
			"resolved": "https://registry.npm.taobao.org/mime-types/download/mime-types-2.1.30.tgz",
			"integrity": "sha1-bnvotMR5gl+F7WMmaV23P5MF1i0=",
			"requires": {
				"mime-db": "1.47.0"
			}
		},
		"minimalistic-assert": {
			"version": "1.0.1",
			"resolved": "https://registry.npm.taobao.org/minimalistic-assert/download/minimalistic-assert-1.0.1.tgz",
			"integrity": "sha1-LhlN4ERibUoQ5/f7wAznPoPk1cc="
		},
		"minimalistic-crypto-utils": {
			"version": "1.0.1",
			"resolved": "https://registry.npm.taobao.org/minimalistic-crypto-utils/download/minimalistic-crypto-utils-1.0.1.tgz",
			"integrity": "sha1-9sAMHAsIIkblxNmd+4x8CDsrWCo="
		},
		"ms": {
			"version": "2.1.2",
			"resolved": "https://registry.npm.taobao.org/ms/download/ms-2.1.2.tgz?cache=0&sync_timestamp=1607433872491&other_urls=https%3A%2F%2Fregistry.npm.taobao.org%2Fms%2Fdownload%2Fms-2.1.2.tgz",
			"integrity": "sha1-0J0fNXtEP0kzgqjrPM0YOHKuYAk="
		},
		"nan": {
			"version": "2.14.2",
			"resolved": "https://registry.npm.taobao.org/nan/download/nan-2.14.2.tgz",
			"integrity": "sha1-9TdkAGlRaPTMaUrJOT0MlYXu6hk=",
			"optional": true
		},
		"nano": {
			"version": "8.2.3",
			"resolved": "https://registry.nlark.com/nano/download/nano-8.2.3.tgz",
			"integrity": "sha1-97zHd++DmXV+KzgTatv3vqCVg0U=",
			"requires": {
				"@types/request": "^2.48.4",
				"cloudant-follow": "^0.18.2",
				"debug": "^4.1.1",
				"errs": "^0.3.2",
				"request": "^2.88.0"
			},
			"dependencies": {
				"combined-stream": {
					"version": "1.0.8",
					"resolved": "https://registry.npm.taobao.org/combined-stream/download/combined-stream-1.0.8.tgz",
					"integrity": "sha1-w9RaizT9cwYxoRCoolIGgrMdWn8=",
					"requires": {
						"delayed-stream": "~1.0.0"
					}
				},
				"delayed-stream": {
					"version": "1.0.0",
					"resolved": "https://registry.npm.taobao.org/delayed-stream/download/delayed-stream-1.0.0.tgz",
					"integrity": "sha1-3zrhmayt+31ECqrgsp4icrJOxhk="
				},
				"forever-agent": {
					"version": "0.6.1",
					"resolved": "https://registry.npm.taobao.org/forever-agent/download/forever-agent-0.6.1.tgz",
					"integrity": "sha1-+8cfDEGt6zf5bFd60e1C2P2sypE="
				},
				"form-data": {
					"version": "2.3.3",
					"resolved": "https://registry.npm.taobao.org/form-data/download/form-data-2.3.3.tgz",
					"integrity": "sha1-3M5SwF9kTymManq5Nr1yTO/786Y=",
					"requires": {
						"asynckit": "^0.4.0",
						"combined-stream": "^1.0.6",
						"mime-types": "^2.1.12"
					}
				},
				"json-stringify-safe": {
					"version": "5.0.1",
					"resolved": "https://registry.npm.taobao.org/json-stringify-safe/download/json-stringify-safe-5.0.1.tgz",
					"integrity": "sha1-Epai1Y/UXxmg9s4B1lcB4sc1tus="
				},
				"oauth-sign": {
					"version": "0.9.0",
					"resolved": "https://registry.npm.taobao.org/oauth-sign/download/oauth-sign-0.9.0.tgz",
					"integrity": "sha1-R6ewFrqmi1+g7PPe4IqFxnmsZFU="
				},
				"qs": {
					"version": "6.5.2",
					"resolved": "https://registry.npm.taobao.org/qs/download/qs-6.5.2.tgz?cache=0&sync_timestamp=1616385248556&other_urls=https%3A%2F%2Fregistry.npm.taobao.org%2Fqs%2Fdownload%2Fqs-6.5.2.tgz",
					"integrity": "sha1-yzroBuh0BERYTvFUzo7pjUA/PjY="
				},
				"request": {
					"version": "2.88.2",
					"resolved": "https://registry.npm.taobao.org/request/download/request-2.88.2.tgz",
					"integrity": "sha1-1zyRhzHLWofaBH4gcjQUb2ZNErM=",
					"requires": {
						"aws-sign2": "~0.7.0",
						"aws4": "^1.8.0",
						"caseless": "~0.12.0",
						"combined-stream": "~1.0.6",
						"extend": "~3.0.2",
						"forever-agent": "~0.6.1",
						"form-data": "~2.3.2",
						"har-validator": "~5.1.3",
						"http-signature": "~1.2.0",
						"is-typedarray": "~1.0.0",
						"isstream": "~0.1.2",
						"json-stringify-safe": "~5.0.1",
						"mime-types": "~2.1.19",
						"oauth-sign": "~0.9.0",
						"performance-now": "^2.1.0",
						"qs": "~6.5.2",
						"safe-buffer": "^5.1.2",
						"tough-cookie": "~2.5.0",
						"tunnel-agent": "^0.6.0",
						"uuid": "^3.3.2"
					}
				},
				"tunnel-agent": {
					"version": "0.6.0",
					"resolved": "https://registry.npm.taobao.org/tunnel-agent/download/tunnel-agent-0.6.0.tgz",
					"integrity": "sha1-J6XeoGs2sEoKmWZ3SykIaPD8QP0=",
					"requires": {
						"safe-buffer": "^5.0.1"
					}
				},
				"uuid": {
					"version": "3.4.0",
					"resolved": "https://registry.npm.taobao.org/uuid/download/uuid-3.4.0.tgz?cache=0&sync_timestamp=1607458532020&other_urls=https%3A%2F%2Fregistry.npm.taobao.org%2Fuuid%2Fdownload%2Fuuid-3.4.0.tgz",
					"integrity": "sha1-sj5DWK+oogL+ehAK8fX4g/AgB+4="
				}
			}
		},
		"nconf": {
			"version": "0.10.0",
			"resolved": "https://registry.nlark.com/nconf/download/nconf-0.10.0.tgz",
			"integrity": "sha1-2hKF7pXQqSLKbO51rc+GH0ggWtI=",
			"requires": {
				"async": "^1.4.0",
				"ini": "^1.3.0",
				"secure-keys": "^1.0.0",
				"yargs": "^3.19.0"
			},
			"dependencies": {
				"async": {
					"version": "1.5.2",
					"resolved": "https://registry.npm.taobao.org/async/download/async-1.5.2.tgz",
					"integrity": "sha1-7GphrlZIDAw8skHJVhjiCJL5Zyo="
				}
			}
		},
		"number-is-nan": {
			"version": "1.0.1",
			"resolved": "https://registry.npm.taobao.org/number-is-nan/download/number-is-nan-1.0.1.tgz?cache=0&sync_timestamp=1617776177506&other_urls=https%3A%2F%2Fregistry.npm.taobao.org%2Fnumber-is-nan%2Fdownload%2Fnumber-is-nan-1.0.1.tgz",
			"integrity": "sha1-CXtgK1NCKlIsGvuHkDGDNpQaAR0="
		},
		"os-locale": {
			"version": "1.4.0",
			"resolved": "https://registry.npm.taobao.org/os-locale/download/os-locale-1.4.0.tgz",
			"integrity": "sha1-IPnxeuKe00XoveWDsT0gCYA8FNk=",
			"requires": {
				"lcid": "^1.0.0"
			}
		},
		"performance-now": {
			"version": "2.1.0",
			"resolved": "https://registry.nlark.com/performance-now/download/performance-now-2.1.0.tgz",
			"integrity": "sha1-Ywn04OX6kT7BxpMHrjZLSzd8nns="
		},
		"pkcs11js": {
			"version": "1.2.4",
			"resolved": "https://registry.nlark.com/pkcs11js/download/pkcs11js-1.2.4.tgz",
			"integrity": "sha1-L8/vaNUCGE/dZOKFFmbkI2jRfjc=",
			"optional": true,
			"requires": {
				"nan": "^2.14.2"
			}
		},
		"promise-settle": {
			"version": "0.3.0",
			"resolved": "https://registry.nlark.com/promise-settle/download/promise-settle-0.3.0.tgz",
			"integrity": "sha1-tO/VcqHrdM95T4KM00naQKCOTpY="
		},
		"protobufjs": {
			"version": "6.11.2",
			"resolved": "https://registry.nlark.com/protobufjs/download/protobufjs-6.11.2.tgz?cache=0&sync_timestamp=1619804443465&other_urls=https%3A%2F%2Fregistry.nlark.com%2Fprotobufjs%2Fdownload%2Fprotobufjs-6.11.2.tgz",
			"integrity": "sha1-3jn6vU7TK+qgjpux4w0IVEwe34s=",
			"requires": {
				"@protobufjs/aspromise": "^1.1.2",
				"@protobufjs/base64": "^1.1.2",
				"@protobufjs/codegen": "^2.0.4",
				"@protobufjs/eventemitter": "^1.1.0",
				"@protobufjs/fetch": "^1.1.0",
				"@protobufjs/float": "^1.0.2",
				"@protobufjs/inquire": "^1.1.0",
				"@protobufjs/path": "^1.1.2",
				"@protobufjs/pool": "^1.1.0",
				"@protobufjs/utf8": "^1.1.0",
				"@types/long": "^4.0.1",
				"@types/node": ">=13.7.0",
				"long": "^4.0.0"
			}
		},
		"psl": {
			"version": "1.8.0",
			"resolved": "https://registry.npm.taobao.org/psl/download/psl-1.8.0.tgz",
			"integrity": "sha1-kyb4vPsBOtzABf3/BWrM4CDlHCQ="
		},
		"punycode": {
			"version": "2.1.1",
			"resolved": "https://registry.npm.taobao.org/punycode/download/punycode-2.1.1.tgz",
			"integrity": "sha1-tYsBCsQMIsVldhbI0sLALHv0eew="
		},
		"querystring": {
			"version": "0.2.0",
			"resolved": "https://registry.npm.taobao.org/querystring/download/querystring-0.2.0.tgz",
			"integrity": "sha1-sgmEkgO7Jd+CDadW50cAWHhSFiA="
		},
		"safe-buffer": {
			"version": "5.2.1",
			"resolved": "https://registry.npm.taobao.org/safe-buffer/download/safe-buffer-5.2.1.tgz",
			"integrity": "sha1-Hq+fqb2x/dTsdfWPnNtOa3gn7sY="
		},
		"safer-buffer": {
			"version": "2.1.2",
			"resolved": "https://registry.npm.taobao.org/safer-buffer/download/safer-buffer-2.1.2.tgz",
			"integrity": "sha1-RPoWGwGHuVSd2Eu5GAL5vYOFzWo="
		},
		"secure-keys": {
			"version": "1.0.0",
			"resolved": "https://registry.nlark.com/secure-keys/download/secure-keys-1.0.0.tgz",
			"integrity": "sha1-8MgtmKOxOah3aogIBQuCRDEIf8o="
		},
		"semver": {
			"version": "6.3.0",
			"resolved": "https://registry.nlark.com/semver/download/semver-6.3.0.tgz?cache=0&sync_timestamp=1618847119601&other_urls=https%3A%2F%2Fregistry.nlark.com%2Fsemver%2Fdownload%2Fsemver-6.3.0.tgz",
			"integrity": "sha1-7gpkyK9ejO6mdoexM3YeG+y9HT0="
		},
		"sjcl": {
			"version": "1.0.7",
			"resolved": "https://registry.nlark.com/sjcl/download/sjcl-1.0.7.tgz",
			"integrity": "sha1-MrNlpQ3Ju6JriLo8nfjqNCF9n0U="
		},
		"sshpk": {
			"version": "1.16.1",
			"resolved": "https://registry.npm.taobao.org/sshpk/download/sshpk-1.16.1.tgz",
			"integrity": "sha1-+2YcC+8ps520B2nuOfpwCT1vaHc=",
			"requires": {
				"asn1": "~0.2.3",
				"assert-plus": "^1.0.0",
				"bcrypt-pbkdf": "^1.0.0",
				"dashdash": "^1.12.0",
				"ecc-jsbn": "~0.1.1",
				"getpass": "^0.1.1",
				"jsbn": "~0.1.0",
				"safer-buffer": "^2.0.2",
				"tweetnacl": "~0.14.0"
			}
		},
		"stack-trace": {
			"version": "0.0.10",
			"resolved": "https://registry.nlark.com/stack-trace/download/stack-trace-0.0.10.tgz?cache=0&sync_timestamp=1620387770510&other_urls=https%3A%2F%2Fregistry.nlark.com%2Fstack-trace%2Fdownload%2Fstack-trace-0.0.10.tgz",
			"integrity": "sha1-VHxws0fo0ytOEI6hoqFZ5f3eGcA="
		},
		"string-width": {
			"version": "1.0.2",
			"resolved": "https://registry.nlark.com/string-width/download/string-width-1.0.2.tgz",
			"integrity": "sha1-EYvfW4zcUaKn5w0hHgfisLmxB9M=",
			"requires": {
				"code-point-at": "^1.0.0",
				"is-fullwidth-code-point": "^1.0.0",
				"strip-ansi": "^3.0.0"
			}
		},
		"strip-ansi": {
			"version": "3.0.1",
			"resolved": "https://registry.npm.taobao.org/strip-ansi/download/strip-ansi-3.0.1.tgz?cache=0&sync_timestamp=1618553299612&other_urls=https%3A%2F%2Fregistry.npm.taobao.org%2Fstrip-ansi%2Fdownload%2Fstrip-ansi-3.0.1.tgz",
			"integrity": "sha1-ajhfuIU9lS1f8F0Oiq+UJ43GPc8=",
			"requires": {
				"ansi-regex": "^2.0.0"
			}
		},
		"tough-cookie": {
			"version": "2.5.0",
			"resolved": "https://registry.npm.taobao.org/tough-cookie/download/tough-cookie-2.5.0.tgz",
			"integrity": "sha1-zZ+yoKodWhK0c72fuW+j3P9lreI=",
			"requires": {
				"psl": "^1.1.28",
				"punycode": "^2.1.1"
			}
		},
		"tweetnacl": {
			"version": "0.14.5",
			"resolved": "https://registry.npm.taobao.org/tweetnacl/download/tweetnacl-0.14.5.tgz",
			"integrity": "sha1-WuaBd/GS1EViadEIr6k/+HQ/T2Q="
		},
		"uri-js": {
			"version": "4.4.1",
			"resolved": "https://registry.nlark.com/uri-js/download/uri-js-4.4.1.tgz",
			"integrity": "sha1-mxpSWVIlhZ5V9mnZKPiMbFfyp34=",
			"requires": {
				"punycode": "^2.1.0"
			}
		},
		"url": {
			"version": "0.11.0",
			"resolved": "https://registry.npm.taobao.org/url/download/url-0.11.0.tgz",
			"integrity": "sha1-ODjpfPxgUh63PFJajlW/3Z4uKPE=",
			"requires": {
				"punycode": "1.3.2",
				"querystring": "0.2.0"
			},
			"dependencies": {
				"punycode": {
					"version": "1.3.2",
					"resolved": "https://registry.npm.taobao.org/punycode/download/punycode-1.3.2.tgz",
					"integrity": "sha1-llOgNvt8HuQjQvIyXM7v6jkmxI0="
				}
			}
		},
		"verror": {
			"version": "1.10.0",
			"resolved": "https://registry.npm.taobao.org/verror/download/verror-1.10.0.tgz",
			"integrity": "sha1-OhBcoXBTr1XW4nDB+CiGguGNpAA=",
			"requires": {
				"assert-plus": "^1.0.0",
				"core-util-is": "1.0.2",
				"extsprintf": "^1.2.0"
			}
		},
		"window-size": {
			"version": "0.1.4",
			"resolved": "https://registry.npm.taobao.org/window-size/download/window-size-0.1.4.tgz",
			"integrity": "sha1-+OGqHuWlPsW/FR/6CXQqatdpeHY="
		},
		"wrap-ansi": {
			"version": "2.1.0",
			"resolved": "https://registry.npm.taobao.org/wrap-ansi/download/wrap-ansi-2.1.0.tgz?cache=0&sync_timestamp=1618558913931&other_urls=https%3A%2F%2Fregistry.npm.taobao.org%2Fwrap-ansi%2Fdownload%2Fwrap-ansi-2.1.0.tgz",
			"integrity": "sha1-2Pw9KE3QV5T+hJc8rs3Rz4JP3YU=",
			"requires": {
				"string-width": "^1.0.1",
				"strip-ansi": "^3.0.1"
			}
		},
		"y18n": {
			"version": "3.2.2",
			"resolved": "https://registry.npm.taobao.org/y18n/download/y18n-3.2.2.tgz?cache=0&sync_timestamp=1617822642544&other_urls=https%3A%2F%2Fregistry.npm.taobao.org%2Fy18n%2Fdownload%2Fy18n-3.2.2.tgz",
			"integrity": "sha1-hckBvWRwznH8S7cjrSCbcPfyhpY="
		},
		"yargs": {
			"version": "3.32.0",
			"resolved": "https://registry.nlark.com/yargs/download/yargs-3.32.0.tgz?cache=0&sync_timestamp=1620086465147&other_urls=https%3A%2F%2Fregistry.nlark.com%2Fyargs%2Fdownload%2Fyargs-3.32.0.tgz",
			"integrity": "sha1-AwiOnr+edWtpdRYR0qXvWRSCyZU=",
			"requires": {
				"camelcase": "^2.0.1",
				"cliui": "^3.0.3",
				"decamelize": "^1.1.1",
				"os-locale": "^1.4.0",
				"string-width": "^1.0.1",
				"window-size": "^0.1.4",
				"y18n": "^3.2.0"
			}
		},
		"yn": {
			"version": "3.1.1",
			"resolved": "https://registry.npm.taobao.org/yn/download/yn-3.1.1.tgz",
			"integrity": "sha1-HodAGgnXZ8HV6rJqbkwYUYLS61A="
		}
	}
}
